
Microsoft Visual Studio Solution File, Format Version 12.00
# Visual Studio Version 17
VisualStudioVersion = 17.14.36301.6 d17.14
MinimumVisualStudioVersion = 10.0.40219.1
Project("{FAE04EC0-301F-11D3-BF4B-00C04F79EFBC}") = "HandsOnAPIUsingEFCore", "HandsOnAPIUsingEFCore.csproj", "{2972382E-2DEF-42D1-AE31-FAC2C8A0ADE8}"
EndProject
Global
	GlobalSection(SolutionConfigurationPlatforms) = preSolution
		Debug|Any CPU = Debug|Any CPU
		Release|Any CPU = Release|Any CPU
	EndGlobalSection
	GlobalSection(ProjectConfigurationPlatforms) = postSolution
		{2972382E-2DEF-42D1-AE31-FAC2C8A0ADE8}.Debug|Any CPU.ActiveCfg = Debug|Any CPU
		{2972382E-2DEF-42D1-AE31-FAC2C8A0ADE8}.Debug|Any CPU.Build.0 = Debug|Any CPU
		{2972382E-2DEF-42D1-AE31-FAC2C8A0ADE8}.Release|Any CPU.ActiveCfg = Release|Any CPU
		{2972382E-2DEF-42D1-AE31-FAC2C8A0ADE8}.Release|Any CPU.Build.0 = Release|Any CPU
	EndGlobalSection
	GlobalSection(SolutionProperties) = preSolution
		HideSolutionNode = FALSE
	EndGlobalSection
	GlobalSection(ExtensibilityGlobals) = postSolution
		SolutionGuid = {35A67C8A-ACD6-4F10-B628-A6B8A2F7733B}
	EndGlobalSection
EndGlobal
