
Microsoft Visual Studio Solution File, Format Version 12.00
# Visual Studio Version 17
VisualStudioVersion = 17.14.36429.23 d17.14
MinimumVisualStudioVersion = 10.0.40219.1
Project("{FAE04EC0-301F-11D3-BF4B-00C04F79EFBC}") = "HandsOnAPIVersioning", "HandsOnAPIVersioning.csproj", "{371255D5-6D42-4385-A549-F4EE78916B60}"
EndProject
Global
	GlobalSection(SolutionConfigurationPlatforms) = preSolution
		Debug|Any CPU = Debug|Any CPU
		Release|Any CPU = Release|Any CPU
	EndGlobalSection
	GlobalSection(ProjectConfigurationPlatforms) = postSolution
		{371255D5-6D42-4385-A549-F4EE78916B60}.Debug|Any CPU.ActiveCfg = Debug|Any CPU
		{371255D5-6D42-4385-A549-F4EE78916B60}.Debug|Any CPU.Build.0 = Debug|Any CPU
		{371255D5-6D42-4385-A549-F4EE78916B60}.Release|Any CPU.ActiveCfg = Release|Any CPU
		{371255D5-6D42-4385-A549-F4EE78916B60}.Release|Any CPU.Build.0 = Release|Any CPU
	EndGlobalSection
	GlobalSection(SolutionProperties) = preSolution
		HideSolutionNode = FALSE
	EndGlobalSection
	GlobalSection(ExtensibilityGlobals) = postSolution
		SolutionGuid = {44E639E7-2E59-4DB2-B0BA-88D3D13097A8}
	EndGlobalSection
EndGlobal
